
Microsoft Visual Studio Solution File, Format Version 12.00
# Visual Studio Version 17
VisualStudioVersion = 17.3.32922.545
MinimumVisualStudioVersion = 10.0.40219.1
Project("{9A19103F-16F7-4668-BE54-9A1E7A4F7556}") = "Lesson1_ex1_console_async", "Lesson1_ex1_console_async\Lesson1_ex1_console_async.csproj", "{4C72B3B0-51C8-45E3-89CA-1014DC4407E7}"
EndProject
Project("{2150E333-8FDC-42A3-9474-1A3956D46DE8}") = "Lesson1", "Lesson1", "{0034455A-9DAF-4033-8387-A20FF96FAAFA}"
EndProject
Project("{2150E333-8FDC-42A3-9474-1A3956D46DE8}") = "Lesson2", "Lesson2", "{1A3B33F8-90B1-4126-9050-BC9E9CEE63ED}"
EndProject
Project("{9A19103F-16F7-4668-BE54-9A1E7A4F7556}") = "TimeShittyCompany", "TimeShittyCompany\TimeShittyCompany.csproj", "{B4B8E1A3-89F7-4333-8999-306FE187C379}"
EndProject
Project("{9A19103F-16F7-4668-BE54-9A1E7A4F7556}") = "TimeShittyTester", "TimeShittyTester\TimeShittyTester.csproj", "{71FE569A-5D63-4759-918D-8F473C50CE25}"
EndProject
Project("{2150E333-8FDC-42A3-9474-1A3956D46DE8}") = "ASP.NET MVC Core", "ASP.NET MVC Core", "{28314F11-B502-4940-BAC6-2FF97A618792}"
EndProject
Project("{2150E333-8FDC-42A3-9474-1A3956D46DE8}") = "lesson1", "lesson1", "{D5A8CA99-7D54-4315-93D4-42D00E5E1444}"
EndProject
Project("{9A19103F-16F7-4668-BE54-9A1E7A4F7556}") = "WinFormsApp1", "WinFormsApp1\WinFormsApp1.csproj", "{D37B7447-4F5A-423A-B828-F22298FECB10}"
EndProject
Project("{9A19103F-16F7-4668-BE54-9A1E7A4F7556}") = "Lesson1_ex4_list_thread_wrapper", "Lesson1_ex4_list_thread_wrapper\Lesson1_ex4_list_thread_wrapper.csproj", "{97B9FF75-485D-49B0-A8EB-984F8F9C46D6}"
EndProject
Project("{2150E333-8FDC-42A3-9474-1A3956D46DE8}") = "lesson2", "lesson2", "{59AD52E6-ED9A-4002-AD38-D203F2BDEBCB}"
EndProject
Project("{9A19103F-16F7-4668-BE54-9A1E7A4F7556}") = "lesson3__threadpool", "lesson3__threadpool\lesson3__threadpool.csproj", "{0288A314-485D-49D4-9F41-936B671A300F}"
EndProject
Project("{2150E333-8FDC-42A3-9474-1A3956D46DE8}") = "lesson3", "lesson3", "{448DB418-C973-4627-9D3D-A5E3AE6B0034}"
EndProject
Project("{9A19103F-16F7-4668-BE54-9A1E7A4F7556}") = "lesson_3_patterns_part1", "lesson_3_patterns_part1\lesson_3_patterns_part1.csproj", "{5C6F1660-942B-469A-9888-7ED33C9F4103}"
EndProject
Project("{2150E333-8FDC-42A3-9474-1A3956D46DE8}") = "lesson4", "lesson4", "{53FF176A-634B-4935-8CB6-C2A6E6F7DA94}"
EndProject
Project("{9A19103F-16F7-4668-BE54-9A1E7A4F7556}") = "lesson_4_patterns_part2", "lesson_3_patterns_part2\lesson_4_patterns_part2.csproj", "{15972C62-B65B-4924-BC22-8A7C63DBAAA2}"
EndProject
Project("{2150E333-8FDC-42A3-9474-1A3956D46DE8}") = "lesson5", "lesson5", "{B9C745CD-13DF-4386-A532-5336851C4A44}"
EndProject
Project("{9A19103F-16F7-4668-BE54-9A1E7A4F7556}") = "lesson_5_patterns_part3", "lesson_3_patterns_part3\lesson_5_patterns_part3.csproj", "{EAC84ACB-497A-4FDC-AA51-8FA561315F8D}"
EndProject
Project("{9A19103F-16F7-4668-BE54-9A1E7A4F7556}") = "ScanFile", "ScanFile\ScanFile.csproj", "{A20E2BB9-5A7D-49DF-9A17-110929FE05F6}"
EndProject
Project("{2150E333-8FDC-42A3-9474-1A3956D46DE8}") = "lesson6", "lesson6", "{C5483C05-2B28-4AD9-8AC0-CB10CEC9F191}"
EndProject
Project("{9A19103F-16F7-4668-BE54-9A1E7A4F7556}") = "DataBaseDAL", "DataBaseDAL\DataBaseDAL.csproj", "{41B56CC0-9694-46D4-84B6-2848CD572EF5}"
EndProject
Project("{9A19103F-16F7-4668-BE54-9A1E7A4F7556}") = "MarketProject", "MarketProject\MarketProject.csproj", "{36E4AFF6-A9D4-4140-AF76-654B5754A546}"
	ProjectSection(ProjectDependencies) = postProject
		{41B56CC0-9694-46D4-84B6-2848CD572EF5} = {41B56CC0-9694-46D4-84B6-2848CD572EF5}
	EndProjectSection
EndProject
Project("{2150E333-8FDC-42A3-9474-1A3956D46DE8}") = "lesson9", "lesson9", "{AE1E3AAA-5752-46E4-9141-40D49121E8FF}"
EndProject
Project("{FAE04EC0-301F-11D3-BF4B-00C04F79EFBC}") = "final_project", "final_project\final_project.csproj", "{F320C15E-3127-4DE9-82F8-F095C1BFDA77}"
EndProject
Global
	GlobalSection(SolutionConfigurationPlatforms) = preSolution
		Debug|Any CPU = Debug|Any CPU
		Release|Any CPU = Release|Any CPU
	EndGlobalSection
	GlobalSection(ProjectConfigurationPlatforms) = postSolution
		{4C72B3B0-51C8-45E3-89CA-1014DC4407E7}.Debug|Any CPU.ActiveCfg = Debug|Any CPU
		{4C72B3B0-51C8-45E3-89CA-1014DC4407E7}.Debug|Any CPU.Build.0 = Debug|Any CPU
		{4C72B3B0-51C8-45E3-89CA-1014DC4407E7}.Release|Any CPU.ActiveCfg = Release|Any CPU
		{4C72B3B0-51C8-45E3-89CA-1014DC4407E7}.Release|Any CPU.Build.0 = Release|Any CPU
		{B4B8E1A3-89F7-4333-8999-306FE187C379}.Debug|Any CPU.ActiveCfg = Debug|Any CPU
		{B4B8E1A3-89F7-4333-8999-306FE187C379}.Debug|Any CPU.Build.0 = Debug|Any CPU
		{B4B8E1A3-89F7-4333-8999-306FE187C379}.Release|Any CPU.ActiveCfg = Release|Any CPU
		{B4B8E1A3-89F7-4333-8999-306FE187C379}.Release|Any CPU.Build.0 = Release|Any CPU
		{71FE569A-5D63-4759-918D-8F473C50CE25}.Debug|Any CPU.ActiveCfg = Debug|Any CPU
		{71FE569A-5D63-4759-918D-8F473C50CE25}.Debug|Any CPU.Build.0 = Debug|Any CPU
		{71FE569A-5D63-4759-918D-8F473C50CE25}.Release|Any CPU.ActiveCfg = Release|Any CPU
		{71FE569A-5D63-4759-918D-8F473C50CE25}.Release|Any CPU.Build.0 = Release|Any CPU
		{D37B7447-4F5A-423A-B828-F22298FECB10}.Debug|Any CPU.ActiveCfg = Debug|Any CPU
		{D37B7447-4F5A-423A-B828-F22298FECB10}.Debug|Any CPU.Build.0 = Debug|Any CPU
		{D37B7447-4F5A-423A-B828-F22298FECB10}.Release|Any CPU.ActiveCfg = Release|Any CPU
		{D37B7447-4F5A-423A-B828-F22298FECB10}.Release|Any CPU.Build.0 = Release|Any CPU
		{97B9FF75-485D-49B0-A8EB-984F8F9C46D6}.Debug|Any CPU.ActiveCfg = Debug|Any CPU
		{97B9FF75-485D-49B0-A8EB-984F8F9C46D6}.Debug|Any CPU.Build.0 = Debug|Any CPU
		{97B9FF75-485D-49B0-A8EB-984F8F9C46D6}.Release|Any CPU.ActiveCfg = Release|Any CPU
		{97B9FF75-485D-49B0-A8EB-984F8F9C46D6}.Release|Any CPU.Build.0 = Release|Any CPU
		{0288A314-485D-49D4-9F41-936B671A300F}.Debug|Any CPU.ActiveCfg = Debug|Any CPU
		{0288A314-485D-49D4-9F41-936B671A300F}.Debug|Any CPU.Build.0 = Debug|Any CPU
		{0288A314-485D-49D4-9F41-936B671A300F}.Release|Any CPU.ActiveCfg = Release|Any CPU
		{0288A314-485D-49D4-9F41-936B671A300F}.Release|Any CPU.Build.0 = Release|Any CPU
		{5C6F1660-942B-469A-9888-7ED33C9F4103}.Debug|Any CPU.ActiveCfg = Debug|Any CPU
		{5C6F1660-942B-469A-9888-7ED33C9F4103}.Debug|Any CPU.Build.0 = Debug|Any CPU
		{5C6F1660-942B-469A-9888-7ED33C9F4103}.Release|Any CPU.ActiveCfg = Release|Any CPU
		{5C6F1660-942B-469A-9888-7ED33C9F4103}.Release|Any CPU.Build.0 = Release|Any CPU
		{15972C62-B65B-4924-BC22-8A7C63DBAAA2}.Debug|Any CPU.ActiveCfg = Debug|Any CPU
		{15972C62-B65B-4924-BC22-8A7C63DBAAA2}.Debug|Any CPU.Build.0 = Debug|Any CPU
		{15972C62-B65B-4924-BC22-8A7C63DBAAA2}.Release|Any CPU.ActiveCfg = Release|Any CPU
		{15972C62-B65B-4924-BC22-8A7C63DBAAA2}.Release|Any CPU.Build.0 = Release|Any CPU
		{EAC84ACB-497A-4FDC-AA51-8FA561315F8D}.Debug|Any CPU.ActiveCfg = Debug|Any CPU
		{EAC84ACB-497A-4FDC-AA51-8FA561315F8D}.Debug|Any CPU.Build.0 = Debug|Any CPU
		{EAC84ACB-497A-4FDC-AA51-8FA561315F8D}.Release|Any CPU.ActiveCfg = Release|Any CPU
		{EAC84ACB-497A-4FDC-AA51-8FA561315F8D}.Release|Any CPU.Build.0 = Release|Any CPU
		{A20E2BB9-5A7D-49DF-9A17-110929FE05F6}.Debug|Any CPU.ActiveCfg = Debug|Any CPU
		{A20E2BB9-5A7D-49DF-9A17-110929FE05F6}.Debug|Any CPU.Build.0 = Debug|Any CPU
		{A20E2BB9-5A7D-49DF-9A17-110929FE05F6}.Release|Any CPU.ActiveCfg = Release|Any CPU
		{A20E2BB9-5A7D-49DF-9A17-110929FE05F6}.Release|Any CPU.Build.0 = Release|Any CPU
		{41B56CC0-9694-46D4-84B6-2848CD572EF5}.Debug|Any CPU.ActiveCfg = Debug|Any CPU
		{41B56CC0-9694-46D4-84B6-2848CD572EF5}.Debug|Any CPU.Build.0 = Debug|Any CPU
		{41B56CC0-9694-46D4-84B6-2848CD572EF5}.Release|Any CPU.ActiveCfg = Release|Any CPU
		{41B56CC0-9694-46D4-84B6-2848CD572EF5}.Release|Any CPU.Build.0 = Release|Any CPU
		{36E4AFF6-A9D4-4140-AF76-654B5754A546}.Debug|Any CPU.ActiveCfg = Debug|Any CPU
		{36E4AFF6-A9D4-4140-AF76-654B5754A546}.Debug|Any CPU.Build.0 = Debug|Any CPU
		{36E4AFF6-A9D4-4140-AF76-654B5754A546}.Release|Any CPU.ActiveCfg = Release|Any CPU
		{36E4AFF6-A9D4-4140-AF76-654B5754A546}.Release|Any CPU.Build.0 = Release|Any CPU
		{F320C15E-3127-4DE9-82F8-F095C1BFDA77}.Debug|Any CPU.ActiveCfg = Debug|Any CPU
		{F320C15E-3127-4DE9-82F8-F095C1BFDA77}.Debug|Any CPU.Build.0 = Debug|Any CPU
		{F320C15E-3127-4DE9-82F8-F095C1BFDA77}.Release|Any CPU.ActiveCfg = Release|Any CPU
		{F320C15E-3127-4DE9-82F8-F095C1BFDA77}.Release|Any CPU.Build.0 = Release|Any CPU
	EndGlobalSection
	GlobalSection(SolutionProperties) = preSolution
		HideSolutionNode = FALSE
	EndGlobalSection
	GlobalSection(NestedProjects) = preSolution
		{4C72B3B0-51C8-45E3-89CA-1014DC4407E7} = {0034455A-9DAF-4033-8387-A20FF96FAAFA}
		{B4B8E1A3-89F7-4333-8999-306FE187C379} = {1A3B33F8-90B1-4126-9050-BC9E9CEE63ED}
		{71FE569A-5D63-4759-918D-8F473C50CE25} = {1A3B33F8-90B1-4126-9050-BC9E9CEE63ED}
		{D5A8CA99-7D54-4315-93D4-42D00E5E1444} = {28314F11-B502-4940-BAC6-2FF97A618792}
		{D37B7447-4F5A-423A-B828-F22298FECB10} = {D5A8CA99-7D54-4315-93D4-42D00E5E1444}
		{97B9FF75-485D-49B0-A8EB-984F8F9C46D6} = {D5A8CA99-7D54-4315-93D4-42D00E5E1444}
		{59AD52E6-ED9A-4002-AD38-D203F2BDEBCB} = {28314F11-B502-4940-BAC6-2FF97A618792}
		{0288A314-485D-49D4-9F41-936B671A300F} = {59AD52E6-ED9A-4002-AD38-D203F2BDEBCB}
		{448DB418-C973-4627-9D3D-A5E3AE6B0034} = {28314F11-B502-4940-BAC6-2FF97A618792}
		{5C6F1660-942B-469A-9888-7ED33C9F4103} = {448DB418-C973-4627-9D3D-A5E3AE6B0034}
		{53FF176A-634B-4935-8CB6-C2A6E6F7DA94} = {28314F11-B502-4940-BAC6-2FF97A618792}
		{15972C62-B65B-4924-BC22-8A7C63DBAAA2} = {53FF176A-634B-4935-8CB6-C2A6E6F7DA94}
		{B9C745CD-13DF-4386-A532-5336851C4A44} = {28314F11-B502-4940-BAC6-2FF97A618792}
		{EAC84ACB-497A-4FDC-AA51-8FA561315F8D} = {B9C745CD-13DF-4386-A532-5336851C4A44}
		{A20E2BB9-5A7D-49DF-9A17-110929FE05F6} = {B9C745CD-13DF-4386-A532-5336851C4A44}
		{C5483C05-2B28-4AD9-8AC0-CB10CEC9F191} = {28314F11-B502-4940-BAC6-2FF97A618792}
		{41B56CC0-9694-46D4-84B6-2848CD572EF5} = {C5483C05-2B28-4AD9-8AC0-CB10CEC9F191}
		{36E4AFF6-A9D4-4140-AF76-654B5754A546} = {C5483C05-2B28-4AD9-8AC0-CB10CEC9F191}
		{AE1E3AAA-5752-46E4-9141-40D49121E8FF} = {28314F11-B502-4940-BAC6-2FF97A618792}
		{F320C15E-3127-4DE9-82F8-F095C1BFDA77} = {AE1E3AAA-5752-46E4-9141-40D49121E8FF}
	EndGlobalSection
	GlobalSection(ExtensibilityGlobals) = postSolution
		SolutionGuid = {B8E6AC8D-8744-4E85-BDD1-8C43B6BADF74}
	EndGlobalSection
EndGlobal
