
Microsoft Visual Studio Solution File, Format Version 12.00
# Visual Studio Version 17
VisualStudioVersion = 17.3.32922.545
MinimumVisualStudioVersion = 10.0.40219.1
Project("{9A19103F-16F7-4668-BE54-9A1E7A4F7556}") = "Lesson1_ex1_console_async", "Lesson1_ex1_console_async\Lesson1_ex1_console_async.csproj", "{4C72B3B0-51C8-45E3-89CA-1014DC4407E7}"
EndProject
Project("{2150E333-8FDC-42A3-9474-1A3956D46DE8}") = "Lesson1", "Lesson1", "{0034455A-9DAF-4033-8387-A20FF96FAAFA}"
EndProject
Project("{2150E333-8FDC-42A3-9474-1A3956D46DE8}") = "Lesson2", "Lesson2", "{1A3B33F8-90B1-4126-9050-BC9E9CEE63ED}"
EndProject
Project("{9A19103F-16F7-4668-BE54-9A1E7A4F7556}") = "TimeShittyCompany", "TimeShittyCompany\TimeShittyCompany.csproj", "{B4B8E1A3-89F7-4333-8999-306FE187C379}"
EndProject
Project("{9A19103F-16F7-4668-BE54-9A1E7A4F7556}") = "TimeShittyTester", "TimeShittyTester\TimeShittyTester.csproj", "{71FE569A-5D63-4759-918D-8F473C50CE25}"
EndProject
Project("{2150E333-8FDC-42A3-9474-1A3956D46DE8}") = "ASP.NET MVC Core", "ASP.NET MVC Core", "{28314F11-B502-4940-BAC6-2FF97A618792}"
EndProject
Project("{2150E333-8FDC-42A3-9474-1A3956D46DE8}") = "lesson1", "lesson1", "{D5A8CA99-7D54-4315-93D4-42D00E5E1444}"
EndProject
Project("{9A19103F-16F7-4668-BE54-9A1E7A4F7556}") = "WinFormsApp1", "WinFormsApp1\WinFormsApp1.csproj", "{D37B7447-4F5A-423A-B828-F22298FECB10}"
EndProject
Project("{9A19103F-16F7-4668-BE54-9A1E7A4F7556}") = "Lesson1_ex4_list_thread_wrapper", "Lesson1_ex4_list_thread_wrapper\Lesson1_ex4_list_thread_wrapper.csproj", "{97B9FF75-485D-49B0-A8EB-984F8F9C46D6}"
EndProject
Project("{2150E333-8FDC-42A3-9474-1A3956D46DE8}") = "lesson2", "lesson2", "{59AD52E6-ED9A-4002-AD38-D203F2BDEBCB}"
EndProject
Project("{9A19103F-16F7-4668-BE54-9A1E7A4F7556}") = "lesson3__threadpool", "lesson3__threadpool\lesson3__threadpool.csproj", "{0288A314-485D-49D4-9F41-936B671A300F}"
EndProject
Project("{2150E333-8FDC-42A3-9474-1A3956D46DE8}") = "lesson3", "lesson3", "{448DB418-C973-4627-9D3D-A5E3AE6B0034}"
EndProject
Project("{9A19103F-16F7-4668-BE54-9A1E7A4F7556}") = "lesson_3_patterns_part1", "lesson_3_patterns_part1\lesson_3_patterns_part1.csproj", "{5C6F1660-942B-469A-9888-7ED33C9F4103}"
EndProject
Project("{2150E333-8FDC-42A3-9474-1A3956D46DE8}") = "lesson4", "lesson4", "{53FF176A-634B-4935-8CB6-C2A6E6F7DA94}"
EndProject
Project("{9A19103F-16F7-4668-BE54-9A1E7A4F7556}") = "lesson_4_patterns_part2", "lesson_3_patterns_part2\lesson_4_patterns_part2.csproj", "{15972C62-B65B-4924-BC22-8A7C63DBAAA2}"
EndProject
Project("{2150E333-8FDC-42A3-9474-1A3956D46DE8}") = "lesson5", "lesson5", "{B9C745CD-13DF-4386-A532-5336851C4A44}"
EndProject
Project("{9A19103F-16F7-4668-BE54-9A1E7A4F7556}") = "lesson_5_patterns_part3", "lesson_3_patterns_part3\lesson_5_patterns_part3.csproj", "{EAC84ACB-497A-4FDC-AA51-8FA561315F8D}"
EndProject
Project("{9A19103F-16F7-4668-BE54-9A1E7A4F7556}") = "ScanFile", "ScanFile\ScanFile.csproj", "{A20E2BB9-5A7D-49DF-9A17-110929FE05F6}"
EndProject
Project("{2150E333-8FDC-42A3-9474-1A3956D46DE8}") = "lesson6", "lesson6", "{C5483C05-2B28-4AD9-8AC0-CB10CEC9F191}"
EndProject
Project("{9A19103F-16F7-4668-BE54-9A1E7A4F7556}") = "DataBaseDAL", "DataBaseDAL\DataBaseDAL.csproj", "{41B56CC0-9694-46D4-84B6-2848CD572EF5}"
EndProject
Project("{9A19103F-16F7-4668-BE54-9A1E7A4F7556}") = "MarketProject", "MarketProject\MarketProject.csproj", "{36E4AFF6-A9D4-4140-AF76-654B5754A546}"
	ProjectSection(ProjectDependencies) = postProject
		{41B56CC0-9694-46D4-84B6-2848CD572EF5} = {41B56CC0-9694-46D4-84B6-2848CD572EF5}
	EndProjectSection
EndProject
Project("{2150E333-8FDC-42A3-9474-1A3956D46DE8}") = "lesson9", "lesson9", "{AE1E3AAA-5752-46E4-9141-40D49121E8FF}"
EndProject
Project("{9A19103F-16F7-4668-BE54-9A1E7A4F7556}") = "final_project", "final_project\final_project.csproj", "{F320C15E-3127-4DE9-82F8-F095C1BFDA77}"
EndProject
Project("{2150E333-8FDC-42A3-9474-1A3956D46DE8}") = "SafeDevelopment", "SafeDevelopment", "{4774F546-A1AA-4672-9165-49461A2F7C4E}"
EndProject
Project("{9A19103F-16F7-4668-BE54-9A1E7A4F7556}") = "SafeProject", "SafeProject\SafeProject.csproj", "{46C941AC-21E0-4DDE-8A41-F6FB2FDC7339}"
	ProjectSection(ProjectDependencies) = postProject
		{E601D46A-EF18-4923-BBA7-847F17733561} = {E601D46A-EF18-4923-BBA7-847F17733561}
	EndProjectSection
EndProject
Project("{9A19103F-16F7-4668-BE54-9A1E7A4F7556}") = "SafeProjectDBLib", "SafeProjectDBLib\SafeProjectDBLib.csproj", "{8F264628-0D72-47F6-A9E9-83B5D7F9E840}"
EndProject
Project("{FAE04EC0-301F-11D3-BF4B-00C04F79EFBC}") = "TestLibFramework4.8", "TestLibFramework4.8\TestLibFramework4.8.csproj", "{E601D46A-EF18-4923-BBA7-847F17733561}"
EndProject
Project("{FAE04EC0-301F-11D3-BF4B-00C04F79EFBC}") = "LocalUserCreator", "LocalUserCreator\LocalUserCreator.csproj", "{2119D0CD-2E73-4C6C-9FD8-E8606FD1EB1D}"
EndProject
Project("{9A19103F-16F7-4668-BE54-9A1E7A4F7556}") = "CertGenerator", "CertGenerator\CertGenerator.csproj", "{17494189-9DB9-43DC-AD87-5591807EAC79}"
EndProject
Project("{9A19103F-16F7-4668-BE54-9A1E7A4F7556}") = "CardClient", "CardClient\CardClient.csproj", "{645CD1CE-5F6E-4625-9771-C369AC941404}"
EndProject
Project("{9A19103F-16F7-4668-BE54-9A1E7A4F7556}") = "TextSearch", "TextSearch\TextSearch.csproj", "{D5B3A3F8-1A59-43B1-A5F2-10DDC4001A61}"
EndProject
Project("{2150E333-8FDC-42A3-9474-1A3956D46DE8}") = "Message driven arch", "Message driven arch", "{70111A30-979A-4FB2-962F-DDABC2D25D4F}"
EndProject
Project("{9A19103F-16F7-4668-BE54-9A1E7A4F7556}") = "Restaurant.Booking", "Restaurant\Restaurant.Booking.csproj", "{7212BBCC-5986-4BE4-9E11-794E1B278251}"
EndProject
Project("{9A19103F-16F7-4668-BE54-9A1E7A4F7556}") = "Messaging", "Messaging\Messaging.csproj", "{EEDEBF18-7A1C-4A5B-B74D-8FE8D2CC5573}"
EndProject
Project("{9A19103F-16F7-4668-BE54-9A1E7A4F7556}") = "Restaurant.Notification", "Restaurant.Notification\Restaurant.Notification.csproj", "{D3C910EF-8427-4E9E-8BA2-29DD2EB861A5}"
EndProject
Project("{9A19103F-16F7-4668-BE54-9A1E7A4F7556}") = "Restaurant.Messages", "Restaurant.Messages\Restaurant.Messages.csproj", "{A7245341-00D4-4B39-A9D0-1605DECE98E5}"
EndProject
Project("{9A19103F-16F7-4668-BE54-9A1E7A4F7556}") = "Restaurant.Kitchen", "Restaurant.Kitchen\Restaurant.Kitchen.csproj", "{E7D84F96-843D-4A9A-AD9A-07FD3FBD9FF9}"
EndProject
Project("{9A19103F-16F7-4668-BE54-9A1E7A4F7556}") = "Restaurant.Tests", "Restaurant.Tests\Restaurant.Tests.csproj", "{2B840E3D-11DD-4D91-8DF5-4D1A34E999CD}"
EndProject
Project("{2150E333-8FDC-42A3-9474-1A3956D46DE8}") = "SOAP, REST and gRPC", "SOAP, REST and gRPC", "{36142524-284B-4221-A63F-D35E33F46BDF}"
EndProject
Project("{FAE04EC0-301F-11D3-BF4B-00C04F79EFBC}") = "ServiceLib", "ServiceLib\ServiceLib.csproj", "{FA6A817A-E3AC-4538-A7CD-B12B741FC16B}"
EndProject
Project("{9A19103F-16F7-4668-BE54-9A1E7A4F7556}") = "ServiceLibWeb", "ServiceLibWeb\ServiceLibWeb.csproj", "{BEFC5DA7-BCC8-43CF-8E7B-ED6E96F1E4E7}"
EndProject
Project("{2150E333-8FDC-42A3-9474-1A3956D46DE8}") = "WCF", "WCF", "{83C363A7-22EE-4667-9234-C02BA130E194}"
EndProject
Project("{FAE04EC0-301F-11D3-BF4B-00C04F79EFBC}") = "Wcf_Service", "Wcf_Service\Wcf_Service.csproj", "{4DD3D29E-00A3-4A1A-90F4-29E84E3BE116}"
EndProject
Project("{FAE04EC0-301F-11D3-BF4B-00C04F79EFBC}") = "ClientWCF", "ClientWCF\ClientWCF.csproj", "{0A0D7CA8-C30D-4DA4-BCFD-625155245AB7}"
	ProjectSection(ProjectDependencies) = postProject
		{4DD3D29E-00A3-4A1A-90F4-29E84E3BE116} = {4DD3D29E-00A3-4A1A-90F4-29E84E3BE116}
	EndProjectSection
EndProject
Project("{2150E333-8FDC-42A3-9474-1A3956D46DE8}") = "gRPC", "gRPC", "{E6FAAE02-0CA4-4357-8DD3-1C9DA89F27DA}"
EndProject
Project("{FAE04EC0-301F-11D3-BF4B-00C04F79EFBC}") = "gRPC_Test_Clinic", "gRPC_Test_Clinic\gRPC_Test_Clinic.csproj", "{93754C4C-79FE-40C4-AAF0-276478659B56}"
EndProject
Project("{FAE04EC0-301F-11D3-BF4B-00C04F79EFBC}") = "gRPC_Test_DataBase_Clinic", "gRPC_Test_DataBase_Clinic\gRPC_Test_DataBase_Clinic.csproj", "{2576BF77-36F2-4A3B-B7D7-6327BD5BFD4F}"
EndProject
Global
	GlobalSection(SolutionConfigurationPlatforms) = preSolution
		Debug|Any CPU = Debug|Any CPU
		Release|Any CPU = Release|Any CPU
	EndGlobalSection
	GlobalSection(ProjectConfigurationPlatforms) = postSolution
		{4C72B3B0-51C8-45E3-89CA-1014DC4407E7}.Debug|Any CPU.ActiveCfg = Debug|Any CPU
		{4C72B3B0-51C8-45E3-89CA-1014DC4407E7}.Debug|Any CPU.Build.0 = Debug|Any CPU
		{4C72B3B0-51C8-45E3-89CA-1014DC4407E7}.Release|Any CPU.ActiveCfg = Release|Any CPU
		{4C72B3B0-51C8-45E3-89CA-1014DC4407E7}.Release|Any CPU.Build.0 = Release|Any CPU
		{B4B8E1A3-89F7-4333-8999-306FE187C379}.Debug|Any CPU.ActiveCfg = Debug|Any CPU
		{B4B8E1A3-89F7-4333-8999-306FE187C379}.Debug|Any CPU.Build.0 = Debug|Any CPU
		{B4B8E1A3-89F7-4333-8999-306FE187C379}.Release|Any CPU.ActiveCfg = Release|Any CPU
		{B4B8E1A3-89F7-4333-8999-306FE187C379}.Release|Any CPU.Build.0 = Release|Any CPU
		{71FE569A-5D63-4759-918D-8F473C50CE25}.Debug|Any CPU.ActiveCfg = Debug|Any CPU
		{71FE569A-5D63-4759-918D-8F473C50CE25}.Debug|Any CPU.Build.0 = Debug|Any CPU
		{71FE569A-5D63-4759-918D-8F473C50CE25}.Release|Any CPU.ActiveCfg = Release|Any CPU
		{71FE569A-5D63-4759-918D-8F473C50CE25}.Release|Any CPU.Build.0 = Release|Any CPU
		{D37B7447-4F5A-423A-B828-F22298FECB10}.Debug|Any CPU.ActiveCfg = Debug|Any CPU
		{D37B7447-4F5A-423A-B828-F22298FECB10}.Debug|Any CPU.Build.0 = Debug|Any CPU
		{D37B7447-4F5A-423A-B828-F22298FECB10}.Release|Any CPU.ActiveCfg = Release|Any CPU
		{D37B7447-4F5A-423A-B828-F22298FECB10}.Release|Any CPU.Build.0 = Release|Any CPU
		{97B9FF75-485D-49B0-A8EB-984F8F9C46D6}.Debug|Any CPU.ActiveCfg = Debug|Any CPU
		{97B9FF75-485D-49B0-A8EB-984F8F9C46D6}.Debug|Any CPU.Build.0 = Debug|Any CPU
		{97B9FF75-485D-49B0-A8EB-984F8F9C46D6}.Release|Any CPU.ActiveCfg = Release|Any CPU
		{97B9FF75-485D-49B0-A8EB-984F8F9C46D6}.Release|Any CPU.Build.0 = Release|Any CPU
		{0288A314-485D-49D4-9F41-936B671A300F}.Debug|Any CPU.ActiveCfg = Debug|Any CPU
		{0288A314-485D-49D4-9F41-936B671A300F}.Debug|Any CPU.Build.0 = Debug|Any CPU
		{0288A314-485D-49D4-9F41-936B671A300F}.Release|Any CPU.ActiveCfg = Release|Any CPU
		{0288A314-485D-49D4-9F41-936B671A300F}.Release|Any CPU.Build.0 = Release|Any CPU
		{5C6F1660-942B-469A-9888-7ED33C9F4103}.Debug|Any CPU.ActiveCfg = Debug|Any CPU
		{5C6F1660-942B-469A-9888-7ED33C9F4103}.Debug|Any CPU.Build.0 = Debug|Any CPU
		{5C6F1660-942B-469A-9888-7ED33C9F4103}.Release|Any CPU.ActiveCfg = Release|Any CPU
		{5C6F1660-942B-469A-9888-7ED33C9F4103}.Release|Any CPU.Build.0 = Release|Any CPU
		{15972C62-B65B-4924-BC22-8A7C63DBAAA2}.Debug|Any CPU.ActiveCfg = Debug|Any CPU
		{15972C62-B65B-4924-BC22-8A7C63DBAAA2}.Debug|Any CPU.Build.0 = Debug|Any CPU
		{15972C62-B65B-4924-BC22-8A7C63DBAAA2}.Release|Any CPU.ActiveCfg = Release|Any CPU
		{15972C62-B65B-4924-BC22-8A7C63DBAAA2}.Release|Any CPU.Build.0 = Release|Any CPU
		{EAC84ACB-497A-4FDC-AA51-8FA561315F8D}.Debug|Any CPU.ActiveCfg = Debug|Any CPU
		{EAC84ACB-497A-4FDC-AA51-8FA561315F8D}.Debug|Any CPU.Build.0 = Debug|Any CPU
		{EAC84ACB-497A-4FDC-AA51-8FA561315F8D}.Release|Any CPU.ActiveCfg = Release|Any CPU
		{EAC84ACB-497A-4FDC-AA51-8FA561315F8D}.Release|Any CPU.Build.0 = Release|Any CPU
		{A20E2BB9-5A7D-49DF-9A17-110929FE05F6}.Debug|Any CPU.ActiveCfg = Debug|Any CPU
		{A20E2BB9-5A7D-49DF-9A17-110929FE05F6}.Debug|Any CPU.Build.0 = Debug|Any CPU
		{A20E2BB9-5A7D-49DF-9A17-110929FE05F6}.Release|Any CPU.ActiveCfg = Release|Any CPU
		{A20E2BB9-5A7D-49DF-9A17-110929FE05F6}.Release|Any CPU.Build.0 = Release|Any CPU
		{41B56CC0-9694-46D4-84B6-2848CD572EF5}.Debug|Any CPU.ActiveCfg = Debug|Any CPU
		{41B56CC0-9694-46D4-84B6-2848CD572EF5}.Debug|Any CPU.Build.0 = Debug|Any CPU
		{41B56CC0-9694-46D4-84B6-2848CD572EF5}.Release|Any CPU.ActiveCfg = Release|Any CPU
		{41B56CC0-9694-46D4-84B6-2848CD572EF5}.Release|Any CPU.Build.0 = Release|Any CPU
		{36E4AFF6-A9D4-4140-AF76-654B5754A546}.Debug|Any CPU.ActiveCfg = Debug|Any CPU
		{36E4AFF6-A9D4-4140-AF76-654B5754A546}.Debug|Any CPU.Build.0 = Debug|Any CPU
		{36E4AFF6-A9D4-4140-AF76-654B5754A546}.Release|Any CPU.ActiveCfg = Release|Any CPU
		{36E4AFF6-A9D4-4140-AF76-654B5754A546}.Release|Any CPU.Build.0 = Release|Any CPU
		{F320C15E-3127-4DE9-82F8-F095C1BFDA77}.Debug|Any CPU.ActiveCfg = Debug|Any CPU
		{F320C15E-3127-4DE9-82F8-F095C1BFDA77}.Debug|Any CPU.Build.0 = Debug|Any CPU
		{F320C15E-3127-4DE9-82F8-F095C1BFDA77}.Release|Any CPU.ActiveCfg = Release|Any CPU
		{F320C15E-3127-4DE9-82F8-F095C1BFDA77}.Release|Any CPU.Build.0 = Release|Any CPU
		{46C941AC-21E0-4DDE-8A41-F6FB2FDC7339}.Debug|Any CPU.ActiveCfg = Debug|Any CPU
		{46C941AC-21E0-4DDE-8A41-F6FB2FDC7339}.Debug|Any CPU.Build.0 = Debug|Any CPU
		{46C941AC-21E0-4DDE-8A41-F6FB2FDC7339}.Release|Any CPU.ActiveCfg = Release|Any CPU
		{46C941AC-21E0-4DDE-8A41-F6FB2FDC7339}.Release|Any CPU.Build.0 = Release|Any CPU
		{8F264628-0D72-47F6-A9E9-83B5D7F9E840}.Debug|Any CPU.ActiveCfg = Debug|Any CPU
		{8F264628-0D72-47F6-A9E9-83B5D7F9E840}.Debug|Any CPU.Build.0 = Debug|Any CPU
		{8F264628-0D72-47F6-A9E9-83B5D7F9E840}.Release|Any CPU.ActiveCfg = Release|Any CPU
		{8F264628-0D72-47F6-A9E9-83B5D7F9E840}.Release|Any CPU.Build.0 = Release|Any CPU
		{E601D46A-EF18-4923-BBA7-847F17733561}.Debug|Any CPU.ActiveCfg = Debug|Any CPU
		{E601D46A-EF18-4923-BBA7-847F17733561}.Debug|Any CPU.Build.0 = Debug|Any CPU
		{E601D46A-EF18-4923-BBA7-847F17733561}.Release|Any CPU.ActiveCfg = Release|Any CPU
		{E601D46A-EF18-4923-BBA7-847F17733561}.Release|Any CPU.Build.0 = Release|Any CPU
		{2119D0CD-2E73-4C6C-9FD8-E8606FD1EB1D}.Debug|Any CPU.ActiveCfg = Debug|Any CPU
		{2119D0CD-2E73-4C6C-9FD8-E8606FD1EB1D}.Debug|Any CPU.Build.0 = Debug|Any CPU
		{2119D0CD-2E73-4C6C-9FD8-E8606FD1EB1D}.Release|Any CPU.ActiveCfg = Release|Any CPU
		{2119D0CD-2E73-4C6C-9FD8-E8606FD1EB1D}.Release|Any CPU.Build.0 = Release|Any CPU
		{17494189-9DB9-43DC-AD87-5591807EAC79}.Debug|Any CPU.ActiveCfg = Debug|Any CPU
		{17494189-9DB9-43DC-AD87-5591807EAC79}.Debug|Any CPU.Build.0 = Debug|Any CPU
		{17494189-9DB9-43DC-AD87-5591807EAC79}.Release|Any CPU.ActiveCfg = Release|Any CPU
		{17494189-9DB9-43DC-AD87-5591807EAC79}.Release|Any CPU.Build.0 = Release|Any CPU
		{645CD1CE-5F6E-4625-9771-C369AC941404}.Debug|Any CPU.ActiveCfg = Debug|Any CPU
		{645CD1CE-5F6E-4625-9771-C369AC941404}.Debug|Any CPU.Build.0 = Debug|Any CPU
		{645CD1CE-5F6E-4625-9771-C369AC941404}.Release|Any CPU.ActiveCfg = Release|Any CPU
		{645CD1CE-5F6E-4625-9771-C369AC941404}.Release|Any CPU.Build.0 = Release|Any CPU
		{D5B3A3F8-1A59-43B1-A5F2-10DDC4001A61}.Debug|Any CPU.ActiveCfg = Debug|Any CPU
		{D5B3A3F8-1A59-43B1-A5F2-10DDC4001A61}.Debug|Any CPU.Build.0 = Debug|Any CPU
		{D5B3A3F8-1A59-43B1-A5F2-10DDC4001A61}.Release|Any CPU.ActiveCfg = Release|Any CPU
		{D5B3A3F8-1A59-43B1-A5F2-10DDC4001A61}.Release|Any CPU.Build.0 = Release|Any CPU
		{7212BBCC-5986-4BE4-9E11-794E1B278251}.Debug|Any CPU.ActiveCfg = Debug|Any CPU
		{7212BBCC-5986-4BE4-9E11-794E1B278251}.Debug|Any CPU.Build.0 = Debug|Any CPU
		{7212BBCC-5986-4BE4-9E11-794E1B278251}.Release|Any CPU.ActiveCfg = Release|Any CPU
		{7212BBCC-5986-4BE4-9E11-794E1B278251}.Release|Any CPU.Build.0 = Release|Any CPU
		{EEDEBF18-7A1C-4A5B-B74D-8FE8D2CC5573}.Debug|Any CPU.ActiveCfg = Debug|Any CPU
		{EEDEBF18-7A1C-4A5B-B74D-8FE8D2CC5573}.Debug|Any CPU.Build.0 = Debug|Any CPU
		{EEDEBF18-7A1C-4A5B-B74D-8FE8D2CC5573}.Release|Any CPU.ActiveCfg = Release|Any CPU
		{EEDEBF18-7A1C-4A5B-B74D-8FE8D2CC5573}.Release|Any CPU.Build.0 = Release|Any CPU
		{D3C910EF-8427-4E9E-8BA2-29DD2EB861A5}.Debug|Any CPU.ActiveCfg = Debug|Any CPU
		{D3C910EF-8427-4E9E-8BA2-29DD2EB861A5}.Debug|Any CPU.Build.0 = Debug|Any CPU
		{D3C910EF-8427-4E9E-8BA2-29DD2EB861A5}.Release|Any CPU.ActiveCfg = Release|Any CPU
		{D3C910EF-8427-4E9E-8BA2-29DD2EB861A5}.Release|Any CPU.Build.0 = Release|Any CPU
		{A7245341-00D4-4B39-A9D0-1605DECE98E5}.Debug|Any CPU.ActiveCfg = Debug|Any CPU
		{A7245341-00D4-4B39-A9D0-1605DECE98E5}.Debug|Any CPU.Build.0 = Debug|Any CPU
		{A7245341-00D4-4B39-A9D0-1605DECE98E5}.Release|Any CPU.ActiveCfg = Release|Any CPU
		{A7245341-00D4-4B39-A9D0-1605DECE98E5}.Release|Any CPU.Build.0 = Release|Any CPU
		{E7D84F96-843D-4A9A-AD9A-07FD3FBD9FF9}.Debug|Any CPU.ActiveCfg = Debug|Any CPU
		{E7D84F96-843D-4A9A-AD9A-07FD3FBD9FF9}.Debug|Any CPU.Build.0 = Debug|Any CPU
		{E7D84F96-843D-4A9A-AD9A-07FD3FBD9FF9}.Release|Any CPU.ActiveCfg = Release|Any CPU
		{E7D84F96-843D-4A9A-AD9A-07FD3FBD9FF9}.Release|Any CPU.Build.0 = Release|Any CPU
		{2B840E3D-11DD-4D91-8DF5-4D1A34E999CD}.Debug|Any CPU.ActiveCfg = Debug|Any CPU
		{2B840E3D-11DD-4D91-8DF5-4D1A34E999CD}.Debug|Any CPU.Build.0 = Debug|Any CPU
		{2B840E3D-11DD-4D91-8DF5-4D1A34E999CD}.Release|Any CPU.ActiveCfg = Release|Any CPU
		{2B840E3D-11DD-4D91-8DF5-4D1A34E999CD}.Release|Any CPU.Build.0 = Release|Any CPU
		{FA6A817A-E3AC-4538-A7CD-B12B741FC16B}.Debug|Any CPU.ActiveCfg = Debug|Any CPU
		{FA6A817A-E3AC-4538-A7CD-B12B741FC16B}.Debug|Any CPU.Build.0 = Debug|Any CPU
		{FA6A817A-E3AC-4538-A7CD-B12B741FC16B}.Release|Any CPU.ActiveCfg = Release|Any CPU
		{FA6A817A-E3AC-4538-A7CD-B12B741FC16B}.Release|Any CPU.Build.0 = Release|Any CPU
		{BEFC5DA7-BCC8-43CF-8E7B-ED6E96F1E4E7}.Debug|Any CPU.ActiveCfg = Debug|Any CPU
		{BEFC5DA7-BCC8-43CF-8E7B-ED6E96F1E4E7}.Debug|Any CPU.Build.0 = Debug|Any CPU
		{BEFC5DA7-BCC8-43CF-8E7B-ED6E96F1E4E7}.Release|Any CPU.ActiveCfg = Release|Any CPU
		{BEFC5DA7-BCC8-43CF-8E7B-ED6E96F1E4E7}.Release|Any CPU.Build.0 = Release|Any CPU
		{4DD3D29E-00A3-4A1A-90F4-29E84E3BE116}.Debug|Any CPU.ActiveCfg = Debug|Any CPU
		{4DD3D29E-00A3-4A1A-90F4-29E84E3BE116}.Debug|Any CPU.Build.0 = Debug|Any CPU
		{4DD3D29E-00A3-4A1A-90F4-29E84E3BE116}.Release|Any CPU.ActiveCfg = Release|Any CPU
		{4DD3D29E-00A3-4A1A-90F4-29E84E3BE116}.Release|Any CPU.Build.0 = Release|Any CPU
		{0A0D7CA8-C30D-4DA4-BCFD-625155245AB7}.Debug|Any CPU.ActiveCfg = Debug|Any CPU
		{0A0D7CA8-C30D-4DA4-BCFD-625155245AB7}.Debug|Any CPU.Build.0 = Debug|Any CPU
		{0A0D7CA8-C30D-4DA4-BCFD-625155245AB7}.Release|Any CPU.ActiveCfg = Release|Any CPU
		{0A0D7CA8-C30D-4DA4-BCFD-625155245AB7}.Release|Any CPU.Build.0 = Release|Any CPU
		{93754C4C-79FE-40C4-AAF0-276478659B56}.Debug|Any CPU.ActiveCfg = Debug|Any CPU
		{93754C4C-79FE-40C4-AAF0-276478659B56}.Debug|Any CPU.Build.0 = Debug|Any CPU
		{93754C4C-79FE-40C4-AAF0-276478659B56}.Release|Any CPU.ActiveCfg = Release|Any CPU
		{93754C4C-79FE-40C4-AAF0-276478659B56}.Release|Any CPU.Build.0 = Release|Any CPU
		{2576BF77-36F2-4A3B-B7D7-6327BD5BFD4F}.Debug|Any CPU.ActiveCfg = Debug|Any CPU
		{2576BF77-36F2-4A3B-B7D7-6327BD5BFD4F}.Debug|Any CPU.Build.0 = Debug|Any CPU
		{2576BF77-36F2-4A3B-B7D7-6327BD5BFD4F}.Release|Any CPU.ActiveCfg = Release|Any CPU
		{2576BF77-36F2-4A3B-B7D7-6327BD5BFD4F}.Release|Any CPU.Build.0 = Release|Any CPU
	EndGlobalSection
	GlobalSection(SolutionProperties) = preSolution
		HideSolutionNode = FALSE
	EndGlobalSection
	GlobalSection(NestedProjects) = preSolution
		{4C72B3B0-51C8-45E3-89CA-1014DC4407E7} = {0034455A-9DAF-4033-8387-A20FF96FAAFA}
		{B4B8E1A3-89F7-4333-8999-306FE187C379} = {1A3B33F8-90B1-4126-9050-BC9E9CEE63ED}
		{71FE569A-5D63-4759-918D-8F473C50CE25} = {1A3B33F8-90B1-4126-9050-BC9E9CEE63ED}
		{D5A8CA99-7D54-4315-93D4-42D00E5E1444} = {28314F11-B502-4940-BAC6-2FF97A618792}
		{D37B7447-4F5A-423A-B828-F22298FECB10} = {D5A8CA99-7D54-4315-93D4-42D00E5E1444}
		{97B9FF75-485D-49B0-A8EB-984F8F9C46D6} = {D5A8CA99-7D54-4315-93D4-42D00E5E1444}
		{59AD52E6-ED9A-4002-AD38-D203F2BDEBCB} = {28314F11-B502-4940-BAC6-2FF97A618792}
		{0288A314-485D-49D4-9F41-936B671A300F} = {59AD52E6-ED9A-4002-AD38-D203F2BDEBCB}
		{448DB418-C973-4627-9D3D-A5E3AE6B0034} = {28314F11-B502-4940-BAC6-2FF97A618792}
		{5C6F1660-942B-469A-9888-7ED33C9F4103} = {448DB418-C973-4627-9D3D-A5E3AE6B0034}
		{53FF176A-634B-4935-8CB6-C2A6E6F7DA94} = {28314F11-B502-4940-BAC6-2FF97A618792}
		{15972C62-B65B-4924-BC22-8A7C63DBAAA2} = {53FF176A-634B-4935-8CB6-C2A6E6F7DA94}
		{B9C745CD-13DF-4386-A532-5336851C4A44} = {28314F11-B502-4940-BAC6-2FF97A618792}
		{EAC84ACB-497A-4FDC-AA51-8FA561315F8D} = {B9C745CD-13DF-4386-A532-5336851C4A44}
		{A20E2BB9-5A7D-49DF-9A17-110929FE05F6} = {B9C745CD-13DF-4386-A532-5336851C4A44}
		{C5483C05-2B28-4AD9-8AC0-CB10CEC9F191} = {28314F11-B502-4940-BAC6-2FF97A618792}
		{41B56CC0-9694-46D4-84B6-2848CD572EF5} = {C5483C05-2B28-4AD9-8AC0-CB10CEC9F191}
		{36E4AFF6-A9D4-4140-AF76-654B5754A546} = {C5483C05-2B28-4AD9-8AC0-CB10CEC9F191}
		{AE1E3AAA-5752-46E4-9141-40D49121E8FF} = {28314F11-B502-4940-BAC6-2FF97A618792}
		{F320C15E-3127-4DE9-82F8-F095C1BFDA77} = {AE1E3AAA-5752-46E4-9141-40D49121E8FF}
		{46C941AC-21E0-4DDE-8A41-F6FB2FDC7339} = {4774F546-A1AA-4672-9165-49461A2F7C4E}
		{8F264628-0D72-47F6-A9E9-83B5D7F9E840} = {4774F546-A1AA-4672-9165-49461A2F7C4E}
		{E601D46A-EF18-4923-BBA7-847F17733561} = {4774F546-A1AA-4672-9165-49461A2F7C4E}
		{2119D0CD-2E73-4C6C-9FD8-E8606FD1EB1D} = {4774F546-A1AA-4672-9165-49461A2F7C4E}
		{17494189-9DB9-43DC-AD87-5591807EAC79} = {4774F546-A1AA-4672-9165-49461A2F7C4E}
		{645CD1CE-5F6E-4625-9771-C369AC941404} = {4774F546-A1AA-4672-9165-49461A2F7C4E}
		{D5B3A3F8-1A59-43B1-A5F2-10DDC4001A61} = {4774F546-A1AA-4672-9165-49461A2F7C4E}
		{7212BBCC-5986-4BE4-9E11-794E1B278251} = {70111A30-979A-4FB2-962F-DDABC2D25D4F}
		{EEDEBF18-7A1C-4A5B-B74D-8FE8D2CC5573} = {70111A30-979A-4FB2-962F-DDABC2D25D4F}
		{D3C910EF-8427-4E9E-8BA2-29DD2EB861A5} = {70111A30-979A-4FB2-962F-DDABC2D25D4F}
		{A7245341-00D4-4B39-A9D0-1605DECE98E5} = {70111A30-979A-4FB2-962F-DDABC2D25D4F}
		{E7D84F96-843D-4A9A-AD9A-07FD3FBD9FF9} = {70111A30-979A-4FB2-962F-DDABC2D25D4F}
		{2B840E3D-11DD-4D91-8DF5-4D1A34E999CD} = {70111A30-979A-4FB2-962F-DDABC2D25D4F}
		{FA6A817A-E3AC-4538-A7CD-B12B741FC16B} = {36142524-284B-4221-A63F-D35E33F46BDF}
		{BEFC5DA7-BCC8-43CF-8E7B-ED6E96F1E4E7} = {36142524-284B-4221-A63F-D35E33F46BDF}
		{83C363A7-22EE-4667-9234-C02BA130E194} = {36142524-284B-4221-A63F-D35E33F46BDF}
		{4DD3D29E-00A3-4A1A-90F4-29E84E3BE116} = {83C363A7-22EE-4667-9234-C02BA130E194}
		{0A0D7CA8-C30D-4DA4-BCFD-625155245AB7} = {83C363A7-22EE-4667-9234-C02BA130E194}
		{E6FAAE02-0CA4-4357-8DD3-1C9DA89F27DA} = {36142524-284B-4221-A63F-D35E33F46BDF}
		{93754C4C-79FE-40C4-AAF0-276478659B56} = {E6FAAE02-0CA4-4357-8DD3-1C9DA89F27DA}
		{2576BF77-36F2-4A3B-B7D7-6327BD5BFD4F} = {E6FAAE02-0CA4-4357-8DD3-1C9DA89F27DA}
	EndGlobalSection
	GlobalSection(ExtensibilityGlobals) = postSolution
		SolutionGuid = {B8E6AC8D-8744-4E85-BDD1-8C43B6BADF74}
	EndGlobalSection
EndGlobal
